
Microsoft Visual Studio Solution File, Format Version 12.00
# Visual Studio Version 16
VisualStudioVersion = 16.0.29905.134
MinimumVisualStudioVersion = 10.0.40219.1
Project("{FAE04EC0-301F-11D3-BF4B-00C04F79EFBC}") = "ProyectoFinal", "ProyectoFinal\ProyectoFinal.csproj", "{62E0DDDD-5C10-4DF2-A875-B716E57DCD7D}"
EndProject
Global
	GlobalSection(SolutionConfigurationPlatforms) = preSolution
		Debug|Any CPU = Debug|Any CPU
		Release|Any CPU = Release|Any CPU
	EndGlobalSection
	GlobalSection(ProjectConfigurationPlatforms) = postSolution
		{62E0DDDD-5C10-4DF2-A875-B716E57DCD7D}.Debug|Any CPU.ActiveCfg = Debug|Any CPU
		{62E0DDDD-5C10-4DF2-A875-B716E57DCD7D}.Debug|Any CPU.Build.0 = Debug|Any CPU
		{62E0DDDD-5C10-4DF2-A875-B716E57DCD7D}.Release|Any CPU.ActiveCfg = Release|Any CPU
		{62E0DDDD-5C10-4DF2-A875-B716E57DCD7D}.Release|Any CPU.Build.0 = Release|Any CPU
	EndGlobalSection
	GlobalSection(SolutionProperties) = preSolution
		HideSolutionNode = FALSE
	EndGlobalSection
	GlobalSection(ExtensibilityGlobals) = postSolution
		SolutionGuid = {68238D06-A3B7-4317-99A6-5CC9101B011A}
	EndGlobalSection
EndGlobal
